
Microsoft Visual Studio Solution File, Format Version 12.00
# Visual Studio Version 17
VisualStudioVersion = 17.0.31903.59
MinimumVisualStudioVersion = 10.0.40219.1
Project("{FAE04EC0-301F-11D3-BF4B-00C04F79EFBC}") = "CI_Platform", "CI_Platform\CI_Platform.csproj", "{A61ED90F-B62C-4D46-BE9A-4D2F7959956C}"
EndProject
Global
	GlobalSection(SolutionConfigurationPlatforms) = preSolution
		Debug|Any CPU = Debug|Any CPU
		Release|Any CPU = Release|Any CPU
	EndGlobalSection
	GlobalSection(ProjectConfigurationPlatforms) = postSolution
		{A61ED90F-B62C-4D46-BE9A-4D2F7959956C}.Debug|Any CPU.ActiveCfg = Debug|Any CPU
		{A61ED90F-B62C-4D46-BE9A-4D2F7959956C}.Debug|Any CPU.Build.0 = Debug|Any CPU
		{A61ED90F-B62C-4D46-BE9A-4D2F7959956C}.Release|Any CPU.ActiveCfg = Release|Any CPU
		{A61ED90F-B62C-4D46-BE9A-4D2F7959956C}.Release|Any CPU.Build.0 = Release|Any CPU
	EndGlobalSection
	GlobalSection(SolutionProperties) = preSolution
		HideSolutionNode = FALSE
	EndGlobalSection
	GlobalSection(ExtensibilityGlobals) = postSolution
		SolutionGuid = {BE7E722F-4F9B-430D-8BF9-B9886E2919AB}
	EndGlobalSection
EndGlobal
